
Microsoft Visual Studio Solution File, Format Version 12.00
# Visual Studio 14
VisualStudioVersion = 14.0.25420.1
MinimumVisualStudioVersion = 10.0.40219.1
Project("{2150E333-8FDC-42A3-9474-1A3956D46DE8}") = "WMB_API", "WMB_API", "{3A83AFBE-4553-42A8-A703-C9C5A7D26E92}"
EndProject
Project("{FAE04EC0-301F-11D3-BF4B-00C04F79EFBC}") = "WMBAPP.WEB", "WMBAPP.WEB\WMBAPP.WEB.csproj", "{61D8CEDD-86AD-416A-AEF4-747C47195371}"
EndProject
Project("{FAE04EC0-301F-11D3-BF4B-00C04F79EFBC}") = "WMBAPP.BLL", "WMBAPP.BLL\WMBAPP.BLL.csproj", "{06E603D2-413D-4956-A162-883103B63776}"
EndProject
Project("{FAE04EC0-301F-11D3-BF4B-00C04F79EFBC}") = "WMBAPP.DAO", "WMBAPP.DAO\WMBAPP.DAO.csproj", "{F43D5F7D-3378-4963-A592-41F41172C60D}"
EndProject
Project("{FAE04EC0-301F-11D3-BF4B-00C04F79EFBC}") = "WMBAPP.IDAO", "WMBAPP.IDAO\WMBAPP.IDAO.csproj", "{639AFE9D-74C5-45F1-8D44-E649445C1835}"
EndProject
Project("{FAE04EC0-301F-11D3-BF4B-00C04F79EFBC}") = "WMBAPP.Entity", "WMBAPP.Entity\WMBAPP.Entity.csproj", "{CE7D0118-8D8C-4310-A16B-6F86B533EF50}"
EndProject
Project("{FAE04EC0-301F-11D3-BF4B-00C04F79EFBC}") = "WMBAPP.Utility", "WMBAPP.Utility\WMBAPP.Utility.csproj", "{CFAEB537-935A-4CB8-989F-F235187915A4}"
EndProject
Project("{FAE04EC0-301F-11D3-BF4B-00C04F79EFBC}") = "WMBAPP.IBLL", "WMBAPP.IBLL\WMBAPP.IBLL.csproj", "{57BAAC09-CEF9-4E12-83B2-A31D7F7D70B0}"
EndProject
Project("{FAE04EC0-301F-11D3-BF4B-00C04F79EFBC}") = "WMBAPP.Factory", "WMBAPP.Factory\WMBAPP.Factory.csproj", "{8F832E61-5ED2-4DFC-890A-99FEC5DB677B}"
EndProject
Global
	GlobalSection(SolutionConfigurationPlatforms) = preSolution
		Debug|Any CPU = Debug|Any CPU
		Release|Any CPU = Release|Any CPU
	EndGlobalSection
	GlobalSection(ProjectConfigurationPlatforms) = postSolution
		{61D8CEDD-86AD-416A-AEF4-747C47195371}.Debug|Any CPU.ActiveCfg = Debug|Any CPU
		{61D8CEDD-86AD-416A-AEF4-747C47195371}.Debug|Any CPU.Build.0 = Debug|Any CPU
		{61D8CEDD-86AD-416A-AEF4-747C47195371}.Release|Any CPU.ActiveCfg = Release|Any CPU
		{61D8CEDD-86AD-416A-AEF4-747C47195371}.Release|Any CPU.Build.0 = Release|Any CPU
		{06E603D2-413D-4956-A162-883103B63776}.Debug|Any CPU.ActiveCfg = Debug|Any CPU
		{06E603D2-413D-4956-A162-883103B63776}.Debug|Any CPU.Build.0 = Debug|Any CPU
		{06E603D2-413D-4956-A162-883103B63776}.Release|Any CPU.ActiveCfg = Release|Any CPU
		{06E603D2-413D-4956-A162-883103B63776}.Release|Any CPU.Build.0 = Release|Any CPU
		{F43D5F7D-3378-4963-A592-41F41172C60D}.Debug|Any CPU.ActiveCfg = Debug|Any CPU
		{F43D5F7D-3378-4963-A592-41F41172C60D}.Debug|Any CPU.Build.0 = Debug|Any CPU
		{F43D5F7D-3378-4963-A592-41F41172C60D}.Release|Any CPU.ActiveCfg = Release|Any CPU
		{F43D5F7D-3378-4963-A592-41F41172C60D}.Release|Any CPU.Build.0 = Release|Any CPU
		{639AFE9D-74C5-45F1-8D44-E649445C1835}.Debug|Any CPU.ActiveCfg = Debug|Any CPU
		{639AFE9D-74C5-45F1-8D44-E649445C1835}.Debug|Any CPU.Build.0 = Debug|Any CPU
		{639AFE9D-74C5-45F1-8D44-E649445C1835}.Release|Any CPU.ActiveCfg = Release|Any CPU
		{639AFE9D-74C5-45F1-8D44-E649445C1835}.Release|Any CPU.Build.0 = Release|Any CPU
		{CE7D0118-8D8C-4310-A16B-6F86B533EF50}.Debug|Any CPU.ActiveCfg = Debug|Any CPU
		{CE7D0118-8D8C-4310-A16B-6F86B533EF50}.Debug|Any CPU.Build.0 = Debug|Any CPU
		{CE7D0118-8D8C-4310-A16B-6F86B533EF50}.Release|Any CPU.ActiveCfg = Release|Any CPU
		{CE7D0118-8D8C-4310-A16B-6F86B533EF50}.Release|Any CPU.Build.0 = Release|Any CPU
		{CFAEB537-935A-4CB8-989F-F235187915A4}.Debug|Any CPU.ActiveCfg = Debug|Any CPU
		{CFAEB537-935A-4CB8-989F-F235187915A4}.Debug|Any CPU.Build.0 = Debug|Any CPU
		{CFAEB537-935A-4CB8-989F-F235187915A4}.Release|Any CPU.ActiveCfg = Release|Any CPU
		{CFAEB537-935A-4CB8-989F-F235187915A4}.Release|Any CPU.Build.0 = Release|Any CPU
		{57BAAC09-CEF9-4E12-83B2-A31D7F7D70B0}.Debug|Any CPU.ActiveCfg = Debug|Any CPU
		{57BAAC09-CEF9-4E12-83B2-A31D7F7D70B0}.Debug|Any CPU.Build.0 = Debug|Any CPU
		{57BAAC09-CEF9-4E12-83B2-A31D7F7D70B0}.Release|Any CPU.ActiveCfg = Release|Any CPU
		{57BAAC09-CEF9-4E12-83B2-A31D7F7D70B0}.Release|Any CPU.Build.0 = Release|Any CPU
		{8F832E61-5ED2-4DFC-890A-99FEC5DB677B}.Debug|Any CPU.ActiveCfg = Debug|Any CPU
		{8F832E61-5ED2-4DFC-890A-99FEC5DB677B}.Debug|Any CPU.Build.0 = Debug|Any CPU
		{8F832E61-5ED2-4DFC-890A-99FEC5DB677B}.Release|Any CPU.ActiveCfg = Release|Any CPU
		{8F832E61-5ED2-4DFC-890A-99FEC5DB677B}.Release|Any CPU.Build.0 = Release|Any CPU
	EndGlobalSection
	GlobalSection(SolutionProperties) = preSolution
		HideSolutionNode = FALSE
	EndGlobalSection
	GlobalSection(NestedProjects) = preSolution
		{61D8CEDD-86AD-416A-AEF4-747C47195371} = {3A83AFBE-4553-42A8-A703-C9C5A7D26E92}
		{06E603D2-413D-4956-A162-883103B63776} = {3A83AFBE-4553-42A8-A703-C9C5A7D26E92}
		{F43D5F7D-3378-4963-A592-41F41172C60D} = {3A83AFBE-4553-42A8-A703-C9C5A7D26E92}
		{639AFE9D-74C5-45F1-8D44-E649445C1835} = {3A83AFBE-4553-42A8-A703-C9C5A7D26E92}
		{CE7D0118-8D8C-4310-A16B-6F86B533EF50} = {3A83AFBE-4553-42A8-A703-C9C5A7D26E92}
		{CFAEB537-935A-4CB8-989F-F235187915A4} = {3A83AFBE-4553-42A8-A703-C9C5A7D26E92}
		{57BAAC09-CEF9-4E12-83B2-A31D7F7D70B0} = {3A83AFBE-4553-42A8-A703-C9C5A7D26E92}
		{8F832E61-5ED2-4DFC-890A-99FEC5DB677B} = {3A83AFBE-4553-42A8-A703-C9C5A7D26E92}
	EndGlobalSection
EndGlobal
